
Microsoft Visual Studio Solution File, Format Version 12.00
# Visual Studio Version 16
VisualStudioVersion = 16.0.33027.164
MinimumVisualStudioVersion = 10.0.40219.1
Project("{9A19103F-16F7-4668-BE54-9A1E7A4F7556}") = "SAPR", "SAPR\SAPR.csproj", "{079FB020-2F2A-421C-8E4C-C6481BA7BE1D}"
EndProject
Project("{9A19103F-16F7-4668-BE54-9A1E7A4F7556}") = "RuleCompiller", "RuleCompiller\RuleCompiller.csproj", "{46837B0B-747E-411F-90BE-B85CF1339259}"
EndProject
Global
	GlobalSection(SolutionConfigurationPlatforms) = preSolution
		Debug|Any CPU = Debug|Any CPU
		Release|Any CPU = Release|Any CPU
	EndGlobalSection
	GlobalSection(ProjectConfigurationPlatforms) = postSolution
		{079FB020-2F2A-421C-8E4C-C6481BA7BE1D}.Debug|Any CPU.ActiveCfg = Debug|Any CPU
		{079FB020-2F2A-421C-8E4C-C6481BA7BE1D}.Debug|Any CPU.Build.0 = Debug|Any CPU
		{079FB020-2F2A-421C-8E4C-C6481BA7BE1D}.Release|Any CPU.ActiveCfg = Release|Any CPU
		{079FB020-2F2A-421C-8E4C-C6481BA7BE1D}.Release|Any CPU.Build.0 = Release|Any CPU
		{46837B0B-747E-411F-90BE-B85CF1339259}.Debug|Any CPU.ActiveCfg = Debug|Any CPU
		{46837B0B-747E-411F-90BE-B85CF1339259}.Debug|Any CPU.Build.0 = Debug|Any CPU
		{46837B0B-747E-411F-90BE-B85CF1339259}.Release|Any CPU.ActiveCfg = Release|Any CPU
		{46837B0B-747E-411F-90BE-B85CF1339259}.Release|Any CPU.Build.0 = Release|Any CPU
		{3E804BA1-2FD4-4558-A8C8-D70ABD2E1452}.Debug|Any CPU.ActiveCfg = Debug|Any CPU
		{3E804BA1-2FD4-4558-A8C8-D70ABD2E1452}.Debug|Any CPU.Build.0 = Debug|Any CPU
		{3E804BA1-2FD4-4558-A8C8-D70ABD2E1452}.Release|Any CPU.ActiveCfg = Release|Any CPU
		{3E804BA1-2FD4-4558-A8C8-D70ABD2E1452}.Release|Any CPU.Build.0 = Release|Any CPU
		{E26BDEFE-4601-4E2C-920E-672755CF00E8}.Debug|Any CPU.ActiveCfg = Debug|Any CPU
		{E26BDEFE-4601-4E2C-920E-672755CF00E8}.Debug|Any CPU.Build.0 = Debug|Any CPU
		{E26BDEFE-4601-4E2C-920E-672755CF00E8}.Release|Any CPU.ActiveCfg = Release|Any CPU
		{E26BDEFE-4601-4E2C-920E-672755CF00E8}.Release|Any CPU.Build.0 = Release|Any CPU
	EndGlobalSection
	GlobalSection(SolutionProperties) = preSolution
		HideSolutionNode = FALSE
	EndGlobalSection
	GlobalSection(ExtensibilityGlobals) = postSolution
		SolutionGuid = {72DC02C6-0F01-4304-8265-6595121A16D6}
	EndGlobalSection
EndGlobal
